
Microsoft Visual Studio Solution File, Format Version 12.00
# Visual Studio Version 17
VisualStudioVersion = 17.5.33424.131
MinimumVisualStudioVersion = 10.0.40219.1
Project("{FAE04EC0-301F-11D3-BF4B-00C04F79EFBC}") = "PresentationLayer", "PresentationLayer\PresentationLayer.csproj", "{C5F365BD-E8AC-4AEA-9FA5-B2A4537002B3}"
EndProject
Project("{FAE04EC0-301F-11D3-BF4B-00C04F79EFBC}") = "BusinessLogicLayer", "BusinessLogicLayer\BusinessLogicLayer.csproj", "{229AF57A-C4BE-4E63-B6D7-E11455C11308}"
EndProject
Project("{FAE04EC0-301F-11D3-BF4B-00C04F79EFBC}") = "DataAccessLayer", "DataAccessLayer\DataAccessLayer.csproj", "{55A111D8-AA25-415C-B8CF-2F6F8CEA2068}"
EndProject
Global
	GlobalSection(SolutionConfigurationPlatforms) = preSolution
		Debug|Any CPU = Debug|Any CPU
		Release|Any CPU = Release|Any CPU
	EndGlobalSection
	GlobalSection(ProjectConfigurationPlatforms) = postSolution
		{C5F365BD-E8AC-4AEA-9FA5-B2A4537002B3}.Debug|Any CPU.ActiveCfg = Debug|Any CPU
		{C5F365BD-E8AC-4AEA-9FA5-B2A4537002B3}.Debug|Any CPU.Build.0 = Debug|Any CPU
		{C5F365BD-E8AC-4AEA-9FA5-B2A4537002B3}.Release|Any CPU.ActiveCfg = Release|Any CPU
		{C5F365BD-E8AC-4AEA-9FA5-B2A4537002B3}.Release|Any CPU.Build.0 = Release|Any CPU
		{229AF57A-C4BE-4E63-B6D7-E11455C11308}.Debug|Any CPU.ActiveCfg = Debug|Any CPU
		{229AF57A-C4BE-4E63-B6D7-E11455C11308}.Debug|Any CPU.Build.0 = Debug|Any CPU
		{229AF57A-C4BE-4E63-B6D7-E11455C11308}.Release|Any CPU.ActiveCfg = Release|Any CPU
		{229AF57A-C4BE-4E63-B6D7-E11455C11308}.Release|Any CPU.Build.0 = Release|Any CPU
		{55A111D8-AA25-415C-B8CF-2F6F8CEA2068}.Debug|Any CPU.ActiveCfg = Debug|Any CPU
		{55A111D8-AA25-415C-B8CF-2F6F8CEA2068}.Debug|Any CPU.Build.0 = Debug|Any CPU
		{55A111D8-AA25-415C-B8CF-2F6F8CEA2068}.Release|Any CPU.ActiveCfg = Release|Any CPU
		{55A111D8-AA25-415C-B8CF-2F6F8CEA2068}.Release|Any CPU.Build.0 = Release|Any CPU
	EndGlobalSection
	GlobalSection(SolutionProperties) = preSolution
		HideSolutionNode = FALSE
	EndGlobalSection
	GlobalSection(ExtensibilityGlobals) = postSolution
		SolutionGuid = {854A22A3-28FD-4786-AF48-5DB8BCCB8F0B}
	EndGlobalSection
EndGlobal
